
Microsoft Visual Studio Solution File, Format Version 12.00
# Visual Studio 15
VisualStudioVersion = 15.0.26730.16
MinimumVisualStudioVersion = 10.0.40219.1
Project("{FAE04EC0-301F-11D3-BF4B-00C04F79EFBC}") = "ELA", "ELA\ELA.csproj", "{D66B15D0-CC51-4689-93E1-9B18AC3D7858}"
EndProject
Global
	GlobalSection(SolutionConfigurationPlatforms) = preSolution
		Debug|Any CPU = Debug|Any CPU
		Release|Any CPU = Release|Any CPU
	EndGlobalSection
	GlobalSection(ProjectConfigurationPlatforms) = postSolution
		{D66B15D0-CC51-4689-93E1-9B18AC3D7858}.Debug|Any CPU.ActiveCfg = Debug|Any CPU
		{D66B15D0-CC51-4689-93E1-9B18AC3D7858}.Debug|Any CPU.Build.0 = Debug|Any CPU
		{D66B15D0-CC51-4689-93E1-9B18AC3D7858}.Release|Any CPU.ActiveCfg = Release|Any CPU
		{D66B15D0-CC51-4689-93E1-9B18AC3D7858}.Release|Any CPU.Build.0 = Release|Any CPU
	EndGlobalSection
	GlobalSection(SolutionProperties) = preSolution
		HideSolutionNode = FALSE
	EndGlobalSection
	GlobalSection(ExtensibilityGlobals) = postSolution
		SolutionGuid = {1BBCDDAD-BBE6-45A1-B39A-9E077F1AAB1D}
	EndGlobalSection
EndGlobal
